
Microsoft Visual Studio Solution File, Format Version 12.00
# Visual Studio 15
VisualStudioVersion = 15.0.27428.2037
MinimumVisualStudioVersion = 10.0.40219.1
Project("{FAE04EC0-301F-11D3-BF4B-00C04F79EFBC}") = "patronBuilder", "patronBuilder\patronBuilder.csproj", "{A5A34156-FD06-491E-9933-72D6F5BD37B4}"
EndProject
Global
	GlobalSection(SolutionConfigurationPlatforms) = preSolution
		Debug|Any CPU = Debug|Any CPU
		Release|Any CPU = Release|Any CPU
	EndGlobalSection
	GlobalSection(ProjectConfigurationPlatforms) = postSolution
		{A5A34156-FD06-491E-9933-72D6F5BD37B4}.Debug|Any CPU.ActiveCfg = Debug|Any CPU
		{A5A34156-FD06-491E-9933-72D6F5BD37B4}.Debug|Any CPU.Build.0 = Debug|Any CPU
		{A5A34156-FD06-491E-9933-72D6F5BD37B4}.Release|Any CPU.ActiveCfg = Release|Any CPU
		{A5A34156-FD06-491E-9933-72D6F5BD37B4}.Release|Any CPU.Build.0 = Release|Any CPU
	EndGlobalSection
	GlobalSection(SolutionProperties) = preSolution
		HideSolutionNode = FALSE
	EndGlobalSection
	GlobalSection(ExtensibilityGlobals) = postSolution
		SolutionGuid = {3FA04A72-83FC-4156-94D0-7B194E906BA3}
	EndGlobalSection
EndGlobal
